
Microsoft Visual Studio Solution File, Format Version 12.00
# Visual Studio 15
VisualStudioVersion = 15.0.28307.539
MinimumVisualStudioVersion = 10.0.40219.1
Project("{FAE04EC0-301F-11D3-BF4B-00C04F79EFBC}") = "xero.apis.practice.web", "xero.apis.practice.web\xero.apis.practice.web.csproj", "{E1049FAC-37A7-4992-ACCE-9EB4E422CB46}"
EndProject
Project("{FAE04EC0-301F-11D3-BF4B-00C04F79EFBC}") = "xero.apis.practice.common", "xero.apis.practice.common\xero.apis.practice.common.csproj", "{D4FEC63E-0D37-48E6-BCAA-BA9A49411003}"
EndProject
Global
	GlobalSection(SolutionConfigurationPlatforms) = preSolution
		Debug|Any CPU = Debug|Any CPU
		Release|Any CPU = Release|Any CPU
	EndGlobalSection
	GlobalSection(ProjectConfigurationPlatforms) = postSolution
		{E1049FAC-37A7-4992-ACCE-9EB4E422CB46}.Debug|Any CPU.ActiveCfg = Debug|Any CPU
		{E1049FAC-37A7-4992-ACCE-9EB4E422CB46}.Debug|Any CPU.Build.0 = Debug|Any CPU
		{E1049FAC-37A7-4992-ACCE-9EB4E422CB46}.Release|Any CPU.ActiveCfg = Release|Any CPU
		{E1049FAC-37A7-4992-ACCE-9EB4E422CB46}.Release|Any CPU.Build.0 = Release|Any CPU
		{D4FEC63E-0D37-48E6-BCAA-BA9A49411003}.Debug|Any CPU.ActiveCfg = Debug|Any CPU
		{D4FEC63E-0D37-48E6-BCAA-BA9A49411003}.Debug|Any CPU.Build.0 = Debug|Any CPU
		{D4FEC63E-0D37-48E6-BCAA-BA9A49411003}.Release|Any CPU.ActiveCfg = Release|Any CPU
		{D4FEC63E-0D37-48E6-BCAA-BA9A49411003}.Release|Any CPU.Build.0 = Release|Any CPU
	EndGlobalSection
	GlobalSection(SolutionProperties) = preSolution
		HideSolutionNode = FALSE
	EndGlobalSection
	GlobalSection(ExtensibilityGlobals) = postSolution
		SolutionGuid = {B4AC2915-20FD-465D-9A84-7FE083207F81}
	EndGlobalSection
EndGlobal
